
Microsoft Visual Studio Solution File, Format Version 12.00
# Visual Studio Version 17
VisualStudioVersion = 17.14.36121.58 d17.14
MinimumVisualStudioVersion = 10.0.40219.1
Project("{FAE04EC0-301F-11D3-BF4B-00C04F79EFBC}") = "Truba.Core", "Truba.Core\Truba.Core.csproj", "{8323FF5A-7BA6-40F4-B364-1541999D071E}"
EndProject
Project("{FAE04EC0-301F-11D3-BF4B-00C04F79EFBC}") = "Truba.Tests", "Truba.Tests\Truba.Tests.csproj", "{0F87F923-46A3-4BFD-ACEA-9C328D2FBBB4}"
EndProject
Global
	GlobalSection(SolutionConfigurationPlatforms) = preSolution
		Debug|Any CPU = Debug|Any CPU
		Release|Any CPU = Release|Any CPU
	EndGlobalSection
	GlobalSection(ProjectConfigurationPlatforms) = postSolution
		{8323FF5A-7BA6-40F4-B364-1541999D071E}.Debug|Any CPU.ActiveCfg = Debug|Any CPU
		{8323FF5A-7BA6-40F4-B364-1541999D071E}.Debug|Any CPU.Build.0 = Debug|Any CPU
		{8323FF5A-7BA6-40F4-B364-1541999D071E}.Release|Any CPU.ActiveCfg = Release|Any CPU
		{8323FF5A-7BA6-40F4-B364-1541999D071E}.Release|Any CPU.Build.0 = Release|Any CPU
		{0F87F923-46A3-4BFD-ACEA-9C328D2FBBB4}.Debug|Any CPU.ActiveCfg = Debug|Any CPU
		{0F87F923-46A3-4BFD-ACEA-9C328D2FBBB4}.Debug|Any CPU.Build.0 = Debug|Any CPU
		{0F87F923-46A3-4BFD-ACEA-9C328D2FBBB4}.Release|Any CPU.ActiveCfg = Release|Any CPU
		{0F87F923-46A3-4BFD-ACEA-9C328D2FBBB4}.Release|Any CPU.Build.0 = Release|Any CPU
	EndGlobalSection
	GlobalSection(SolutionProperties) = preSolution
		HideSolutionNode = FALSE
	EndGlobalSection
	GlobalSection(ExtensibilityGlobals) = postSolution
		SolutionGuid = {BDF08238-54CF-405F-A330-A2169C4F92AD}
	EndGlobalSection
EndGlobal
